
Microsoft Visual Studio Solution File, Format Version 12.00
# Visual Studio Version 17
VisualStudioVersion = 17.6.33927.249
MinimumVisualStudioVersion = 10.0.40219.1
Project("{FAE04EC0-301F-11D3-BF4B-00C04F79EFBC}") = "EFCoreCodeFirstSample", "EFCoreCodeFirstSample.csproj", "{54226A87-40DD-4E63-A44F-3084BB3D840A}"
EndProject
Global
	GlobalSection(SolutionConfigurationPlatforms) = preSolution
		Debug|Any CPU = Debug|Any CPU
		Release|Any CPU = Release|Any CPU
	EndGlobalSection
	GlobalSection(ProjectConfigurationPlatforms) = postSolution
		{54226A87-40DD-4E63-A44F-3084BB3D840A}.Debug|Any CPU.ActiveCfg = Debug|Any CPU
		{54226A87-40DD-4E63-A44F-3084BB3D840A}.Debug|Any CPU.Build.0 = Debug|Any CPU
		{54226A87-40DD-4E63-A44F-3084BB3D840A}.Release|Any CPU.ActiveCfg = Release|Any CPU
		{54226A87-40DD-4E63-A44F-3084BB3D840A}.Release|Any CPU.Build.0 = Release|Any CPU
	EndGlobalSection
	GlobalSection(SolutionProperties) = preSolution
		HideSolutionNode = FALSE
	EndGlobalSection
	GlobalSection(ExtensibilityGlobals) = postSolution
		SolutionGuid = {E0198C02-6192-476B-A098-EFA2A2246275}
	EndGlobalSection
EndGlobal
